
Microsoft Visual Studio Solution File, Format Version 12.00
# Visual Studio Version 17
VisualStudioVersion = 17.5.002.0
MinimumVisualStudioVersion = 10.0.40219.1
Project("{9A19103F-16F7-4668-BE54-9A1E7A4F7556}") = "backend", "backend\backend.csproj", "{C2822802-5FEC-4565-9972-01D461E2C6E5}"
EndProject
Global
	GlobalSection(SolutionConfigurationPlatforms) = preSolution
		Debug|Any CPU = Debug|Any CPU
		Release|Any CPU = Release|Any CPU
	EndGlobalSection
	GlobalSection(ProjectConfigurationPlatforms) = postSolution
		{C2822802-5FEC-4565-9972-01D461E2C6E5}.Debug|Any CPU.ActiveCfg = Debug|Any CPU
		{C2822802-5FEC-4565-9972-01D461E2C6E5}.Debug|Any CPU.Build.0 = Debug|Any CPU
		{C2822802-5FEC-4565-9972-01D461E2C6E5}.Release|Any CPU.ActiveCfg = Release|Any CPU
		{C2822802-5FEC-4565-9972-01D461E2C6E5}.Release|Any CPU.Build.0 = Release|Any CPU
	EndGlobalSection
	GlobalSection(SolutionProperties) = preSolution
		HideSolutionNode = FALSE
	EndGlobalSection
	GlobalSection(ExtensibilityGlobals) = postSolution
		SolutionGuid = {46FE5CDE-82B3-452D-8F02-F00425214EE2}
	EndGlobalSection
EndGlobal
